
Microsoft Visual Studio Solution File, Format Version 12.00
# Visual Studio 14
VisualStudioVersion = 14.0.25420.1
MinimumVisualStudioVersion = 10.0.40219.1
Project("{FAE04EC0-301F-11D3-BF4B-00C04F79EFBC}") = "DirectLineGettingStarted", "DirectLineGettingStarted.csproj", "{A6F23180-A48E-4311-AA0A-8F30D2B5E934}"
EndProject
Global
	GlobalSection(SolutionConfigurationPlatforms) = preSolution
		Debug|Any CPU = Debug|Any CPU
		Release|Any CPU = Release|Any CPU
	EndGlobalSection
	GlobalSection(ProjectConfigurationPlatforms) = postSolution
		{A6F23180-A48E-4311-AA0A-8F30D2B5E934}.Debug|Any CPU.ActiveCfg = Debug|Any CPU
		{A6F23180-A48E-4311-AA0A-8F30D2B5E934}.Debug|Any CPU.Build.0 = Debug|Any CPU
		{A6F23180-A48E-4311-AA0A-8F30D2B5E934}.Release|Any CPU.ActiveCfg = Release|Any CPU
		{A6F23180-A48E-4311-AA0A-8F30D2B5E934}.Release|Any CPU.Build.0 = Release|Any CPU
	EndGlobalSection
	GlobalSection(SolutionProperties) = preSolution
		HideSolutionNode = FALSE
	EndGlobalSection
EndGlobal
